// !$*UTF8*$!
{
	archiveVersion = 1;
	classes = {
	};
	objectVersion = 55;
	objects = {

/* Begin PBXBuildFile section */
		C825C7F327A6007A00825B2F /* AppDelegate.swift in Sources */ = {isa = PBXBuildFile; fileRef = C825C7F227A6007A00825B2F /* AppDelegate.swift */; };
		C825C7F727A6007A00825B2F /* LoginViewController.swift in Sources */ = {isa = PBXBuildFile; fileRef = C825C7F627A6007A00825B2F /* LoginViewController.swift */; };
		C825C7FC27A6007B00825B2F /* Assets.xcassets in Resources */ = {isa = PBXBuildFile; fileRef = C825C7FB27A6007B00825B2F /* Assets.xcassets */; };
		C825C7FF27A6007B00825B2F /* LaunchScreen.storyboard in Resources */ = {isa = PBXBuildFile; fileRef = C825C7FD27A6007B00825B2F /* LaunchScreen.storyboard */; };
		C8A29EAD27A609880034A94B /* LoginView.swift in Sources */ = {isa = PBXBuildFile; fileRef = C8A29EAC27A609880034A94B /* LoginView.swift */; };
		C8A29EAF27A609FB0034A94B /* CodeView.swift in Sources */ = {isa = PBXBuildFile; fileRef = C8A29EAE27A609FB0034A94B /* CodeView.swift */; };
		C8A29EB227A60D4F0034A94B /* MainTabBarController.swift in Sources */ = {isa = PBXBuildFile; fileRef = C8A29EB127A60D4F0034A94B /* MainTabBarController.swift */; };
		C8A29EC827A60F6A0034A94B /* FeedViewController.swift in Sources */ = {isa = PBXBuildFile; fileRef = C8A29EC727A60F6A0034A94B /* FeedViewController.swift */; };
		C8A29ECA27A60F830034A94B /* ExploreViewController.swift in Sources */ = {isa = PBXBuildFile; fileRef = C8A29EC927A60F830034A94B /* ExploreViewController.swift */; };
		C8A29ECC27A60F9C0034A94B /* NotificationsViewController.swift in Sources */ = {isa = PBXBuildFile; fileRef = C8A29ECB27A60F9C0034A94B /* NotificationsViewController.swift */; };
		C8A29ECE27A60FB90034A94B /* ConversationsViewController.swift in Sources */ = {isa = PBXBuildFile; fileRef = C8A29ECD27A60FB90034A94B /* ConversationsViewController.swift */; };
		C8A29ED027A6D5F90034A94B /* Extensions.swift in Sources */ = {isa = PBXBuildFile; fileRef = C8A29ECF27A6D5F90034A94B /* Extensions.swift */; };
		C8A29ED227A6DF2D0034A94B /* RegisterViewController.swift in Sources */ = {isa = PBXBuildFile; fileRef = C8A29ED127A6DF2D0034A94B /* RegisterViewController.swift */; };
		C8A29ED427A6DF550034A94B /* RegisterView.swift in Sources */ = {isa = PBXBuildFile; fileRef = C8A29ED327A6DF550034A94B /* RegisterView.swift */; };
		C8A29ED627A6F2520034A94B /* Utilities.swift in Sources */ = {isa = PBXBuildFile; fileRef = C8A29ED527A6F2520034A94B /* Utilities.swift */; };
		C8E7CCFC27A961CB00F515B8 /* GoogleService-Info.plist in Resources */ = {isa = PBXBuildFile; fileRef = C8E7CCFB27A961CB00F515B8 /* GoogleService-Info.plist */; };
		D1B51DB638F4390958344E02 /* Pods_Twitter.framework in Frameworks */ = {isa = PBXBuildFile; fileRef = BCC225DC5DC1B8D8F3D988A4 /* Pods_Twitter.framework */; };
/* End PBXBuildFile section */

/* Begin PBXFileReference section */
		1583B15DF7D202F087A7B24E /* Pods-Twitter.release.xcconfig */ = {isa = PBXFileReference; includeInIndex = 1; lastKnownFileType = text.xcconfig; name = "Pods-Twitter.release.xcconfig"; path = "Target Support Files/Pods-Twitter/Pods-Twitter.release.xcconfig"; sourceTree = "<group>"; };
		A6CD2028E919E3FFB7FB8F35 /* Pods-Twitter.debug.xcconfig */ = {isa = PBXFileReference; includeInIndex = 1; lastKnownFileType = text.xcconfig; name = "Pods-Twitter.debug.xcconfig"; path = "Target Support Files/Pods-Twitter/Pods-Twitter.debug.xcconfig"; sourceTree = "<group>"; };
		BCC225DC5DC1B8D8F3D988A4 /* Pods_Twitter.framework */ = {isa = PBXFileReference; explicitFileType = wrapper.framework; includeInIndex = 0; path = Pods_Twitter.framework; sourceTree = BUILT_PRODUCTS_DIR; };
		C825C7EF27A6007A00825B2F /* Twitter.app */ = {isa = PBXFileReference; explicitFileType = wrapper.application; includeInIndex = 0; path = Twitter.app; sourceTree = BUILT_PRODUCTS_DIR; };
		C825C7F227A6007A00825B2F /* AppDelegate.swift */ = {isa = PBXFileReference; lastKnownFileType = sourcecode.swift; path = AppDelegate.swift; sourceTree = "<group>"; };
		C825C7F627A6007A00825B2F /* LoginViewController.swift */ = {isa = PBXFileReference; lastKnownFileType = sourcecode.swift; path = LoginViewController.swift; sourceTree = "<group>"; };
		C825C7FB27A6007B00825B2F /* Assets.xcassets */ = {isa = PBXFileReference; lastKnownFileType = folder.assetcatalog; path = Assets.xcassets; sourceTree = "<group>"; };
		C825C7FE27A6007B00825B2F /* Base */ = {isa = PBXFileReference; lastKnownFileType = file.storyboard; name = Base; path = Base.lproj/LaunchScreen.storyboard; sourceTree = "<group>"; };
		C8A29EAC27A609880034A94B /* LoginView.swift */ = {isa = PBXFileReference; lastKnownFileType = sourcecode.swift; path = LoginView.swift; sourceTree = "<group>"; };
		C8A29EAE27A609FB0034A94B /* CodeView.swift */ = {isa = PBXFileReference; lastKnownFileType = sourcecode.swift; path = CodeView.swift; sourceTree = "<group>"; };
		C8A29EB127A60D4F0034A94B /* MainTabBarController.swift */ = {isa = PBXFileReference; lastKnownFileType = sourcecode.swift; path = MainTabBarController.swift; sourceTree = "<group>"; };
		C8A29EC727A60F6A0034A94B /* FeedViewController.swift */ = {isa = PBXFileReference; lastKnownFileType = sourcecode.swift; path = FeedViewController.swift; sourceTree = "<group>"; };
		C8A29EC927A60F830034A94B /* ExploreViewController.swift */ = {isa = PBXFileReference; lastKnownFileType = sourcecode.swift; path = ExploreViewController.swift; sourceTree = "<group>"; };
		C8A29ECB27A60F9C0034A94B /* NotificationsViewController.swift */ = {isa = PBXFileReference; lastKnownFileType = sourcecode.swift; path = NotificationsViewController.swift; sourceTree = "<group>"; };
		C8A29ECD27A60FB90034A94B /* ConversationsViewController.swift */ = {isa = PBXFileReference; lastKnownFileType = sourcecode.swift; path = ConversationsViewController.swift; sourceTree = "<group>"; };
		C8A29ECF27A6D5F90034A94B /* Extensions.swift */ = {isa = PBXFileReference; fileEncoding = 4; lastKnownFileType = sourcecode.swift; path = Extensions.swift; sourceTree = "<group>"; };
		C8A29ED127A6DF2D0034A94B /* RegisterViewController.swift */ = {isa = PBXFileReference; lastKnownFileType = sourcecode.swift; path = RegisterViewController.swift; sourceTree = "<group>"; };
		C8A29ED327A6DF550034A94B /* RegisterView.swift */ = {isa = PBXFileReference; lastKnownFileType = sourcecode.swift; path = RegisterView.swift; sourceTree = "<group>"; };
		C8A29ED527A6F2520034A94B /* Utilities.swift */ = {isa = PBXFileReference; lastKnownFileType = sourcecode.swift; path = Utilities.swift; sourceTree = "<group>"; };
		C8E7CCF527A9606200F515B8 /* Info.plist */ = {isa = PBXFileReference; fileEncoding = 4; lastKnownFileType = text.plist.xml; path = Info.plist; sourceTree = "<group>"; };
		C8E7CCFB27A961CB00F515B8 /* GoogleService-Info.plist */ = {isa = PBXFileReference; fileEncoding = 4; lastKnownFileType = text.plist.xml; path = "GoogleService-Info.plist"; sourceTree = "<group>"; };
/* End PBXFileReference section */

/* Begin PBXFrameworksBuildPhase section */
		C825C7EC27A6007A00825B2F /* Frameworks */ = {
			isa = PBXFrameworksBuildPhase;
			buildActionMask = 2147483647;
			files = (
				D1B51DB638F4390958344E02 /* Pods_Twitter.framework in Frameworks */,
			);
			runOnlyForDeploymentPostprocessing = 0;
		};
/* End PBXFrameworksBuildPhase section */

/* Begin PBXGroup section */
		60A3D3C59ED2BE0C3C956ADF /* Pods */ = {
			isa = PBXGroup;
			children = (
				A6CD2028E919E3FFB7FB8F35 /* Pods-Twitter.debug.xcconfig */,
				1583B15DF7D202F087A7B24E /* Pods-Twitter.release.xcconfig */,
			);
			path = Pods;
			sourceTree = "<group>";
		};
		7DA4EFDB0D42F27D3ABA4F04 /* Frameworks */ = {
			isa = PBXGroup;
			children = (
				BCC225DC5DC1B8D8F3D988A4 /* Pods_Twitter.framework */,
			);
			name = Frameworks;
			sourceTree = "<group>";
		};
		C825C7E627A6007A00825B2F = {
			isa = PBXGroup;
			children = (
				C825C7F127A6007A00825B2F /* Twitter */,
				C825C7F027A6007A00825B2F /* Products */,
				60A3D3C59ED2BE0C3C956ADF /* Pods */,
				7DA4EFDB0D42F27D3ABA4F04 /* Frameworks */,
			);
			sourceTree = "<group>";
		};
		C825C7F027A6007A00825B2F /* Products */ = {
			isa = PBXGroup;
			children = (
				C825C7EF27A6007A00825B2F /* Twitter.app */,
			);
			name = Products;
			sourceTree = "<group>";
		};
		C825C7F127A6007A00825B2F /* Twitter */ = {
			isa = PBXGroup;
			children = (
				C8A29EA027A608500034A94B /* Supporting Files */,
				C8A29E9F27A6084D0034A94B /* Utilities */,
				C8A29E9E27A608490034A94B /* Features */,
				C8A29EAB27A608EF0034A94B /* LaunchScreen */,
				C8E7CCF527A9606200F515B8 /* Info.plist */,
				C8E7CCFB27A961CB00F515B8 /* GoogleService-Info.plist */,
			);
			path = Twitter;
			sourceTree = "<group>";
		};
		C8A29E9E27A608490034A94B /* Features */ = {
			isa = PBXGroup;
			children = (
				C8A29EA227A6087F0034A94B /* LoginScreen */,
				C8A29EA127A6087B0034A94B /* RegisterScreen */,
				C8A29EB527A60E0D0034A94B /* FeedScreen */,
				C8A29EB427A60E0A0034A94B /* ExploreScreen */,
				C8A29EB327A60E060034A94B /* NotificationsScreen */,
				C8A29EB627A60E2A0034A94B /* ConversationsScreen */,
				C8A29EB027A60D320034A94B /* MainTabBarController */,
			);
			path = Features;
			sourceTree = "<group>";
		};
		C8A29E9F27A6084D0034A94B /* Utilities */ = {
			isa = PBXGroup;
			children = (
				C8A29EAE27A609FB0034A94B /* CodeView.swift */,
				C8A29ECF27A6D5F90034A94B /* Extensions.swift */,
				C8A29ED527A6F2520034A94B /* Utilities.swift */,
			);
			path = Utilities;
			sourceTree = "<group>";
		};
		C8A29EA027A608500034A94B /* Supporting Files */ = {
			isa = PBXGroup;
			children = (
				C825C7F227A6007A00825B2F /* AppDelegate.swift */,
				C825C7FB27A6007B00825B2F /* Assets.xcassets */,
			);
			path = "Supporting Files";
			sourceTree = "<group>";
		};
		C8A29EA127A6087B0034A94B /* RegisterScreen */ = {
			isa = PBXGroup;
			children = (
				C8A29EAA27A608C20034A94B /* Model */,
				C8A29EA927A608BF0034A94B /* View */,
				C8A29EA827A608BC0034A94B /* ViewModel */,
				C8A29EA727A608B80034A94B /* Controller */,
			);
			path = RegisterScreen;
			sourceTree = "<group>";
		};
		C8A29EA227A6087F0034A94B /* LoginScreen */ = {
			isa = PBXGroup;
			children = (
				C8A29EA627A608A00034A94B /* Model */,
				C8A29EA527A6089D0034A94B /* View */,
				C8A29EA427A6089A0034A94B /* ViewModel */,
				C8A29EA327A608960034A94B /* Controller */,
			);
			path = LoginScreen;
			sourceTree = "<group>";
		};
		C8A29EA327A608960034A94B /* Controller */ = {
			isa = PBXGroup;
			children = (
				C825C7F627A6007A00825B2F /* LoginViewController.swift */,
			);
			path = Controller;
			sourceTree = "<group>";
		};
		C8A29EA427A6089A0034A94B /* ViewModel */ = {
			isa = PBXGroup;
			children = (
			);
			path = ViewModel;
			sourceTree = "<group>";
		};
		C8A29EA527A6089D0034A94B /* View */ = {
			isa = PBXGroup;
			children = (
				C8A29EAC27A609880034A94B /* LoginView.swift */,
			);
			path = View;
			sourceTree = "<group>";
		};
		C8A29EA627A608A00034A94B /* Model */ = {
			isa = PBXGroup;
			children = (
			);
			path = Model;
			sourceTree = "<group>";
		};
		C8A29EA727A608B80034A94B /* Controller */ = {
			isa = PBXGroup;
			children = (
				C8A29ED127A6DF2D0034A94B /* RegisterViewController.swift */,
			);
			path = Controller;
			sourceTree = "<group>";
		};
		C8A29EA827A608BC0034A94B /* ViewModel */ = {
			isa = PBXGroup;
			children = (
			);
			path = ViewModel;
			sourceTree = "<group>";
		};
		C8A29EA927A608BF0034A94B /* View */ = {
			isa = PBXGroup;
			children = (
				C8A29ED327A6DF550034A94B /* RegisterView.swift */,
			);
			path = View;
			sourceTree = "<group>";
		};
		C8A29EAA27A608C20034A94B /* Model */ = {
			isa = PBXGroup;
			children = (
			);
			path = Model;
			sourceTree = "<group>";
		};
		C8A29EAB27A608EF0034A94B /* LaunchScreen */ = {
			isa = PBXGroup;
			children = (
				C825C7FD27A6007B00825B2F /* LaunchScreen.storyboard */,
			);
			path = LaunchScreen;
			sourceTree = "<group>";
		};
		C8A29EB027A60D320034A94B /* MainTabBarController */ = {
			isa = PBXGroup;
			children = (
				C8A29EB127A60D4F0034A94B /* MainTabBarController.swift */,
			);
			path = MainTabBarController;
			sourceTree = "<group>";
		};
		C8A29EB327A60E060034A94B /* NotificationsScreen */ = {
			isa = PBXGroup;
			children = (
				C8A29EC227A60EE30034A94B /* Model */,
				C8A29EC127A60EE00034A94B /* View */,
				C8A29EC027A60EDC0034A94B /* ViewModel */,
				C8A29EBF27A60EDA0034A94B /* Controller */,
			);
			path = NotificationsScreen;
			sourceTree = "<group>";
		};
		C8A29EB427A60E0A0034A94B /* ExploreScreen */ = {
			isa = PBXGroup;
			children = (
				C8A29EBE27A60EC60034A94B /* Model */,
				C8A29EBD27A60EC30034A94B /* View */,
				C8A29EBC27A60EC00034A94B /* ViewModel */,
				C8A29EBB27A60EBC0034A94B /* Controller */,
			);
			path = ExploreScreen;
			sourceTree = "<group>";
		};
		C8A29EB527A60E0D0034A94B /* FeedScreen */ = {
			isa = PBXGroup;
			children = (
				C8A29EBA27A60EA90034A94B /* Model */,
				C8A29EB927A60EA40034A94B /* View */,
				C8A29EB827A60EA20034A94B /* ViewModel */,
				C8A29EB727A60E9F0034A94B /* Controller */,
			);
			path = FeedScreen;
			sourceTree = "<group>";
		};
		C8A29EB627A60E2A0034A94B /* ConversationsScreen */ = {
			isa = PBXGroup;
			children = (
				C8A29EC627A60F040034A94B /* Model */,
				C8A29EC527A60F010034A94B /* View */,
				C8A29EC427A60EFD0034A94B /* ViewModel */,
				C8A29EC327A60EFB0034A94B /* Controller */,
			);
			path = ConversationsScreen;
			sourceTree = "<group>";
		};
		C8A29EB727A60E9F0034A94B /* Controller */ = {
			isa = PBXGroup;
			children = (
				C8A29EC727A60F6A0034A94B /* FeedViewController.swift */,
			);
			path = Controller;
			sourceTree = "<group>";
		};
		C8A29EB827A60EA20034A94B /* ViewModel */ = {
			isa = PBXGroup;
			children = (
			);
			path = ViewModel;
			sourceTree = "<group>";
		};
		C8A29EB927A60EA40034A94B /* View */ = {
			isa = PBXGroup;
			children = (
			);
			path = View;
			sourceTree = "<group>";
		};
		C8A29EBA27A60EA90034A94B /* Model */ = {
			isa = PBXGroup;
			children = (
			);
			path = Model;
			sourceTree = "<group>";
		};
		C8A29EBB27A60EBC0034A94B /* Controller */ = {
			isa = PBXGroup;
			children = (
				C8A29EC927A60F830034A94B /* ExploreViewController.swift */,
			);
			path = Controller;
			sourceTree = "<group>";
		};
		C8A29EBC27A60EC00034A94B /* ViewModel */ = {
			isa = PBXGroup;
			children = (
			);
			path = ViewModel;
			sourceTree = "<group>";
		};
		C8A29EBD27A60EC30034A94B /* View */ = {
			isa = PBXGroup;
			children = (
			);
			path = View;
			sourceTree = "<group>";
		};
		C8A29EBE27A60EC60034A94B /* Model */ = {
			isa = PBXGroup;
			children = (
			);
			path = Model;
			sourceTree = "<group>";
		};
		C8A29EBF27A60EDA0034A94B /* Controller */ = {
			isa = PBXGroup;
			children = (
				C8A29ECB27A60F9C0034A94B /* NotificationsViewController.swift */,
			);
			path = Controller;
			sourceTree = "<group>";
		};
		C8A29EC027A60EDC0034A94B /* ViewModel */ = {
			isa = PBXGroup;
			children = (
			);
			path = ViewModel;
			sourceTree = "<group>";
		};
		C8A29EC127A60EE00034A94B /* View */ = {
			isa = PBXGroup;
			children = (
			);
			path = View;
			sourceTree = "<group>";
		};
		C8A29EC227A60EE30034A94B /* Model */ = {
			isa = PBXGroup;
			children = (
			);
			path = Model;
			sourceTree = "<group>";
		};
		C8A29EC327A60EFB0034A94B /* Controller */ = {
			isa = PBXGroup;
			children = (
				C8A29ECD27A60FB90034A94B /* ConversationsViewController.swift */,
			);
			path = Controller;
			sourceTree = "<group>";
		};
		C8A29EC427A60EFD0034A94B /* ViewModel */ = {
			isa = PBXGroup;
			children = (
			);
			path = ViewModel;
			sourceTree = "<group>";
		};
		C8A29EC527A60F010034A94B /* View */ = {
			isa = PBXGroup;
			children = (
			);
			path = View;
			sourceTree = "<group>";
		};
		C8A29EC627A60F040034A94B /* Model */ = {
			isa = PBXGroup;
			children = (
			);
			path = Model;
			sourceTree = "<group>";
		};
/* End PBXGroup section */

/* Begin PBXNativeTarget section */
		C825C7EE27A6007A00825B2F /* Twitter */ = {
			isa = PBXNativeTarget;
			buildConfigurationList = C825C80327A6007B00825B2F /* Build configuration list for PBXNativeTarget "Twitter" */;
			buildPhases = (
				103A3046B02EBC64F6289BD2 /* [CP] Check Pods Manifest.lock */,
				C825C7EB27A6007A00825B2F /* Sources */,
				C825C7EC27A6007A00825B2F /* Frameworks */,
				C825C7ED27A6007A00825B2F /* Resources */,
				D27F17993F4D6A3CBAB61660 /* [CP] Embed Pods Frameworks */,
			);
			buildRules = (
			);
			dependencies = (
			);
			name = Twitter;
			productName = Twitter;
			productReference = C825C7EF27A6007A00825B2F /* Twitter.app */;
			productType = "com.apple.product-type.application";
		};
/* End PBXNativeTarget section */

/* Begin PBXProject section */
		C825C7E727A6007A00825B2F /* Project object */ = {
			isa = PBXProject;
			attributes = {
				BuildIndependentTargetsInParallel = 1;
				LastSwiftUpdateCheck = 1320;
				LastUpgradeCheck = 1320;
				TargetAttributes = {
					C825C7EE27A6007A00825B2F = {
						CreatedOnToolsVersion = 13.2;
					};
				};
			};
			buildConfigurationList = C825C7EA27A6007A00825B2F /* Build configuration list for PBXProject "Twitter" */;
			compatibilityVersion = "Xcode 13.0";
			developmentRegion = en;
			hasScannedForEncodings = 0;
			knownRegions = (
				en,
				Base,
			);
			mainGroup = C825C7E627A6007A00825B2F;
			productRefGroup = C825C7F027A6007A00825B2F /* Products */;
			projectDirPath = "";
			projectRoot = "";
			targets = (
				C825C7EE27A6007A00825B2F /* Twitter */,
			);
		};
/* End PBXProject section */

/* Begin PBXResourcesBuildPhase section */
		C825C7ED27A6007A00825B2F /* Resources */ = {
			isa = PBXResourcesBuildPhase;
			buildActionMask = 2147483647;
			files = (
				C825C7FF27A6007B00825B2F /* LaunchScreen.storyboard in Resources */,
				C825C7FC27A6007B00825B2F /* Assets.xcassets in Resources */,
				C8E7CCFC27A961CB00F515B8 /* GoogleService-Info.plist in Resources */,
			);
			runOnlyForDeploymentPostprocessing = 0;
		};
/* End PBXResourcesBuildPhase section */

/* Begin PBXShellScriptBuildPhase section */
		103A3046B02EBC64F6289BD2 /* [CP] Check Pods Manifest.lock */ = {
			isa = PBXShellScriptBuildPhase;
			buildActionMask = 2147483647;
			files = (
			);
			inputFileListPaths = (
			);
			inputPaths = (
				"${PODS_PODFILE_DIR_PATH}/Podfile.lock",
				"${PODS_ROOT}/Manifest.lock",
			);
			name = "[CP] Check Pods Manifest.lock";
			outputFileListPaths = (
			);
			outputPaths = (
				"$(DERIVED_FILE_DIR)/Pods-Twitter-checkManifestLockResult.txt",
			);
			runOnlyForDeploymentPostprocessing = 0;
			shellPath = /bin/sh;
			shellScript = "diff \"${PODS_PODFILE_DIR_PATH}/Podfile.lock\" \"${PODS_ROOT}/Manifest.lock\" > /dev/null\nif [ $? != 0 ] ; then\n    # print error to STDERR\n    echo \"error: The sandbox is not in sync with the Podfile.lock. Run 'pod install' or update your CocoaPods installation.\" >&2\n    exit 1\nfi\n# This output is used by Xcode 'outputs' to avoid re-running this script phase.\necho \"SUCCESS\" > \"${SCRIPT_OUTPUT_FILE_0}\"\n";
			showEnvVarsInLog = 0;
		};
		D27F17993F4D6A3CBAB61660 /* [CP] Embed Pods Frameworks */ = {
			isa = PBXShellScriptBuildPhase;
			buildActionMask = 2147483647;
			files = (
			);
			inputFileListPaths = (
				"${PODS_ROOT}/Target Support Files/Pods-Twitter/Pods-Twitter-frameworks-${CONFIGURATION}-input-files.xcfilelist",
			);
			name = "[CP] Embed Pods Frameworks";
			outputFileListPaths = (
				"${PODS_ROOT}/Target Support Files/Pods-Twitter/Pods-Twitter-frameworks-${CONFIGURATION}-output-files.xcfilelist",
			);
			runOnlyForDeploymentPostprocessing = 0;
			shellPath = /bin/sh;
			shellScript = "\"${PODS_ROOT}/Target Support Files/Pods-Twitter/Pods-Twitter-frameworks.sh\"\n";
			showEnvVarsInLog = 0;
		};
/* End PBXShellScriptBuildPhase section */

/* Begin PBXSourcesBuildPhase section */
		C825C7EB27A6007A00825B2F /* Sources */ = {
			isa = PBXSourcesBuildPhase;
			buildActionMask = 2147483647;
			files = (
				C8A29EAD27A609880034A94B /* LoginView.swift in Sources */,
				C8A29ED227A6DF2D0034A94B /* RegisterViewController.swift in Sources */,
				C825C7F727A6007A00825B2F /* LoginViewController.swift in Sources */,
				C8A29EB227A60D4F0034A94B /* MainTabBarController.swift in Sources */,
				C8A29ED627A6F2520034A94B /* Utilities.swift in Sources */,
				C825C7F327A6007A00825B2F /* AppDelegate.swift in Sources */,
				C8A29EC827A60F6A0034A94B /* FeedViewController.swift in Sources */,
				C8A29ED027A6D5F90034A94B /* Extensions.swift in Sources */,
				C8A29ECA27A60F830034A94B /* ExploreViewController.swift in Sources */,
				C8A29ECE27A60FB90034A94B /* ConversationsViewController.swift in Sources */,
				C8A29ED427A6DF550034A94B /* RegisterView.swift in Sources */,
				C8A29EAF27A609FB0034A94B /* CodeView.swift in Sources */,
				C8A29ECC27A60F9C0034A94B /* NotificationsViewController.swift in Sources */,
			);
			runOnlyForDeploymentPostprocessing = 0;
		};
/* End PBXSourcesBuildPhase section */

/* Begin PBXVariantGroup section */
		C825C7FD27A6007B00825B2F /* LaunchScreen.storyboard */ = {
			isa = PBXVariantGroup;
			children = (
				C825C7FE27A6007B00825B2F /* Base */,
			);
			name = LaunchScreen.storyboard;
			sourceTree = "<group>";
		};
/* End PBXVariantGroup section */

/* Begin XCBuildConfiguration section */
		C825C80127A6007B00825B2F /* Debug */ = {
			isa = XCBuildConfiguration;
			buildSettings = {
				ALWAYS_SEARCH_USER_PATHS = NO;
				CLANG_ANALYZER_NONNULL = YES;
				CLANG_ANALYZER_NUMBER_OBJECT_CONVERSION = YES_AGGRESSIVE;
				CLANG_CXX_LANGUAGE_STANDARD = "gnu++17";
				CLANG_CXX_LIBRARY = "libc++";
				CLANG_ENABLE_MODULES = YES;
				CLANG_ENABLE_OBJC_ARC = YES;
				CLANG_ENABLE_OBJC_WEAK = YES;
				CLANG_WARN_BLOCK_CAPTURE_AUTORELEASING = YES;
				CLANG_WARN_BOOL_CONVERSION = YES;
				CLANG_WARN_COMMA = YES;
				CLANG_WARN_CONSTANT_CONVERSION = YES;
				CLANG_WARN_DEPRECATED_OBJC_IMPLEMENTATIONS = YES;
				CLANG_WARN_DIRECT_OBJC_ISA_USAGE = YES_ERROR;
				CLANG_WARN_DOCUMENTATION_COMMENTS = YES;
				CLANG_WARN_EMPTY_BODY = YES;
				CLANG_WARN_ENUM_CONVERSION = YES;
				CLANG_WARN_INFINITE_RECURSION = YES;
				CLANG_WARN_INT_CONVERSION = YES;
				CLANG_WARN_NON_LITERAL_NULL_CONVERSION = YES;
				CLANG_WARN_OBJC_IMPLICIT_RETAIN_SELF = YES;
				CLANG_WARN_OBJC_LITERAL_CONVERSION = YES;
				CLANG_WARN_OBJC_ROOT_CLASS = YES_ERROR;
				CLANG_WARN_QUOTED_INCLUDE_IN_FRAMEWORK_HEADER = YES;
				CLANG_WARN_RANGE_LOOP_ANALYSIS = YES;
				CLANG_WARN_STRICT_PROTOTYPES = YES;
				CLANG_WARN_SUSPICIOUS_MOVE = YES;
				CLANG_WARN_UNGUARDED_AVAILABILITY = YES_AGGRESSIVE;
				CLANG_WARN_UNREACHABLE_CODE = YES;
				CLANG_WARN__DUPLICATE_METHOD_MATCH = YES;
				COPY_PHASE_STRIP = NO;
				DEBUG_INFORMATION_FORMAT = dwarf;
				ENABLE_STRICT_OBJC_MSGSEND = YES;
				ENABLE_TESTABILITY = YES;
				GCC_C_LANGUAGE_STANDARD = gnu11;
				GCC_DYNAMIC_NO_PIC = NO;
				GCC_NO_COMMON_BLOCKS = YES;
				GCC_OPTIMIZATION_LEVEL = 0;
				GCC_PREPROCESSOR_DEFINITIONS = (
					"DEBUG=1",
					"$(inherited)",
				);
				GCC_WARN_64_TO_32_BIT_CONVERSION = YES;
				GCC_WARN_ABOUT_RETURN_TYPE = YES_ERROR;
				GCC_WARN_UNDECLARED_SELECTOR = YES;
				GCC_WARN_UNINITIALIZED_AUTOS = YES_AGGRESSIVE;
				GCC_WARN_UNUSED_FUNCTION = YES;
				GCC_WARN_UNUSED_VARIABLE = YES;
				IPHONEOS_DEPLOYMENT_TARGET = 15.2;
				MTL_ENABLE_DEBUG_INFO = INCLUDE_SOURCE;
				MTL_FAST_MATH = YES;
				ONLY_ACTIVE_ARCH = YES;
				SDKROOT = iphoneos;
				SWIFT_ACTIVE_COMPILATION_CONDITIONS = DEBUG;
				SWIFT_OPTIMIZATION_LEVEL = "-Onone";
			};
			name = Debug;
		};
		C825C80227A6007B00825B2F /* Release */ = {
			isa = XCBuildConfiguration;
			buildSettings = {
				ALWAYS_SEARCH_USER_PATHS = NO;
				CLANG_ANALYZER_NONNULL = YES;
				CLANG_ANALYZER_NUMBER_OBJECT_CONVERSION = YES_AGGRESSIVE;
				CLANG_CXX_LANGUAGE_STANDARD = "gnu++17";
				CLANG_CXX_LIBRARY = "libc++";
				CLANG_ENABLE_MODULES = YES;
				CLANG_ENABLE_OBJC_ARC = YES;
				CLANG_ENABLE_OBJC_WEAK = YES;
				CLANG_WARN_BLOCK_CAPTURE_AUTORELEASING = YES;
				CLANG_WARN_BOOL_CONVERSION = YES;
				CLANG_WARN_COMMA = YES;
				CLANG_WARN_CONSTANT_CONVERSION = YES;
				CLANG_WARN_DEPRECATED_OBJC_IMPLEMENTATIONS = YES;
				CLANG_WARN_DIRECT_OBJC_ISA_USAGE = YES_ERROR;
				CLANG_WARN_DOCUMENTATION_COMMENTS = YES;
				CLANG_WARN_EMPTY_BODY = YES;
				CLANG_WARN_ENUM_CONVERSION = YES;
				CLANG_WARN_INFINITE_RECURSION = YES;
				CLANG_WARN_INT_CONVERSION = YES;
				CLANG_WARN_NON_LITERAL_NULL_CONVERSION = YES;
				CLANG_WARN_OBJC_IMPLICIT_RETAIN_SELF = YES;
				CLANG_WARN_OBJC_LITERAL_CONVERSION = YES;
				CLANG_WARN_OBJC_ROOT_CLASS = YES_ERROR;
				CLANG_WARN_QUOTED_INCLUDE_IN_FRAMEWORK_HEADER = YES;
				CLANG_WARN_RANGE_LOOP_ANALYSIS = YES;
				CLANG_WARN_STRICT_PROTOTYPES = YES;
				CLANG_WARN_SUSPICIOUS_MOVE = YES;
				CLANG_WARN_UNGUARDED_AVAILABILITY = YES_AGGRESSIVE;
				CLANG_WARN_UNREACHABLE_CODE = YES;
				CLANG_WARN__DUPLICATE_METHOD_MATCH = YES;
				COPY_PHASE_STRIP = NO;
				DEBUG_INFORMATION_FORMAT = "dwarf-with-dsym";
				ENABLE_NS_ASSERTIONS = NO;
				ENABLE_STRICT_OBJC_MSGSEND = YES;
				GCC_C_LANGUAGE_STANDARD = gnu11;
				GCC_NO_COMMON_BLOCKS = YES;
				GCC_WARN_64_TO_32_BIT_CONVERSION = YES;
				GCC_WARN_ABOUT_RETURN_TYPE = YES_ERROR;
				GCC_WARN_UNDECLARED_SELECTOR = YES;
				GCC_WARN_UNINITIALIZED_AUTOS = YES_AGGRESSIVE;
				GCC_WARN_UNUSED_FUNCTION = YES;
				GCC_WARN_UNUSED_VARIABLE = YES;
				IPHONEOS_DEPLOYMENT_TARGET = 15.2;
				MTL_ENABLE_DEBUG_INFO = NO;
				MTL_FAST_MATH = YES;
				SDKROOT = iphoneos;
				SWIFT_COMPILATION_MODE = wholemodule;
				SWIFT_OPTIMIZATION_LEVEL = "-O";
				VALIDATE_PRODUCT = YES;
			};
			name = Release;
		};
		C825C80427A6007B00825B2F /* Debug */ = {
			isa = XCBuildConfiguration;
			baseConfigurationReference = A6CD2028E919E3FFB7FB8F35 /* Pods-Twitter.debug.xcconfig */;
			buildSettings = {
				ASSETCATALOG_COMPILER_APPICON_NAME = AppIcon;
				ASSETCATALOG_COMPILER_GLOBAL_ACCENT_COLOR_NAME = AccentColor;
				CODE_SIGN_STYLE = Automatic;
				CURRENT_PROJECT_VERSION = 1;
				DEVELOPMENT_TEAM = "";
				GENERATE_INFOPLIST_FILE = YES;
				INFOPLIST_FILE = Twitter/Info.plist;
				INFOPLIST_KEY_CFBundleDisplayName = Twitter;
				INFOPLIST_KEY_UIApplicationSupportsIndirectInputEvents = YES;
				INFOPLIST_KEY_UILaunchStoryboardName = LaunchScreen;
				INFOPLIST_KEY_UISupportedInterfaceOrientations = UIInterfaceOrientationPortrait;
				INFOPLIST_KEY_UISupportedInterfaceOrientations_iPad = "UIInterfaceOrientationPortrait UIInterfaceOrientationPortraitUpsideDown UIInterfaceOrientationLandscapeLeft UIInterfaceOrientationLandscapeRight";
				INFOPLIST_KEY_UISupportedInterfaceOrientations_iPhone = "UIInterfaceOrientationPortrait UIInterfaceOrientationLandscapeLeft UIInterfaceOrientationLandscapeRight";
				LD_RUNPATH_SEARCH_PATHS = (
					"$(inherited)",
					"@executable_path/Frameworks",
				);
				MARKETING_VERSION = 1.0;
				PRODUCT_BUNDLE_IDENTIFIER = com.thiagomonteiro.Twitter;
				PRODUCT_NAME = "$(TARGET_NAME)";
				SWIFT_EMIT_LOC_STRINGS = YES;
				SWIFT_VERSION = 5.0;
				TARGETED_DEVICE_FAMILY = 1;
			};
			name = Debug;
		};
		C825C80527A6007B00825B2F /* Release */ = {
			isa = XCBuildConfiguration;
			baseConfigurationReference = 1583B15DF7D202F087A7B24E /* Pods-Twitter.release.xcconfig */;
			buildSettings = {
				ASSETCATALOG_COMPILER_APPICON_NAME = AppIcon;
				ASSETCATALOG_COMPILER_GLOBAL_ACCENT_COLOR_NAME = AccentColor;
				CODE_SIGN_STYLE = Automatic;
				CURRENT_PROJECT_VERSION = 1;
				DEVELOPMENT_TEAM = "";
				GENERATE_INFOPLIST_FILE = YES;
				INFOPLIST_FILE = Twitter/Info.plist;
				INFOPLIST_KEY_CFBundleDisplayName = Twitter;
				INFOPLIST_KEY_UIApplicationSupportsIndirectInputEvents = YES;
				INFOPLIST_KEY_UILaunchStoryboardName = LaunchScreen;
				INFOPLIST_KEY_UISupportedInterfaceOrientations = UIInterfaceOrientationPortrait;
				INFOPLIST_KEY_UISupportedInterfaceOrientations_iPad = "UIInterfaceOrientationPortrait UIInterfaceOrientationPortraitUpsideDown UIInterfaceOrientationLandscapeLeft UIInterfaceOrientationLandscapeRight";
				INFOPLIST_KEY_UISupportedInterfaceOrientations_iPhone = "UIInterfaceOrientationPortrait UIInterfaceOrientationLandscapeLeft UIInterfaceOrientationLandscapeRight";
				LD_RUNPATH_SEARCH_PATHS = (
					"$(inherited)",
					"@executable_path/Frameworks",
				);
				MARKETING_VERSION = 1.0;
				PRODUCT_BUNDLE_IDENTIFIER = com.thiagomonteiro.Twitter;
				PRODUCT_NAME = "$(TARGET_NAME)";
				SWIFT_EMIT_LOC_STRINGS = YES;
				SWIFT_VERSION = 5.0;
				TARGETED_DEVICE_FAMILY = 1;
			};
			name = Release;
		};
/* End XCBuildConfiguration section */

/* Begin XCConfigurationList section */
		C825C7EA27A6007A00825B2F /* Build configuration list for PBXProject "Twitter" */ = {
			isa = XCConfigurationList;
			buildConfigurations = (
				C825C80127A6007B00825B2F /* Debug */,
				C825C80227A6007B00825B2F /* Release */,
			);
			defaultConfigurationIsVisible = 0;
			defaultConfigurationName = Release;
		};
		C825C80327A6007B00825B2F /* Build configuration list for PBXNativeTarget "Twitter" */ = {
			isa = XCConfigurationList;
			buildConfigurations = (
				C825C80427A6007B00825B2F /* Debug */,
				C825C80527A6007B00825B2F /* Release */,
			);
			defaultConfigurationIsVisible = 0;
			defaultConfigurationName = Release;
		};
/* End XCConfigurationList section */
	};
	rootObject = C825C7E727A6007A00825B2F /* Project object */;
}
